
Microsoft Visual Studio Solution File, Format Version 12.00
# Visual Studio Version 16
VisualStudioVersion = 16.0.29728.190
MinimumVisualStudioVersion = 10.0.40219.1
Project("{FAE04EC0-301F-11D3-BF4B-00C04F79EFBC}") = "RunescapeAPI", "RunescapeAPI\RunescapeAPI.csproj", "{7780151D-9F01-4CD8-9BCC-CC75961DE90C}"
EndProject
Project("{FAE04EC0-301F-11D3-BF4B-00C04F79EFBC}") = "API Testing", "API Testing\API Testing.csproj", "{FC9E013A-9413-41C9-ABDB-C72F549817E8}"
EndProject
Global
	GlobalSection(SolutionConfigurationPlatforms) = preSolution
		Debug|Any CPU = Debug|Any CPU
		Release|Any CPU = Release|Any CPU
	EndGlobalSection
	GlobalSection(ProjectConfigurationPlatforms) = postSolution
		{7780151D-9F01-4CD8-9BCC-CC75961DE90C}.Debug|Any CPU.ActiveCfg = Debug|Any CPU
		{7780151D-9F01-4CD8-9BCC-CC75961DE90C}.Debug|Any CPU.Build.0 = Debug|Any CPU
		{7780151D-9F01-4CD8-9BCC-CC75961DE90C}.Release|Any CPU.ActiveCfg = Release|Any CPU
		{7780151D-9F01-4CD8-9BCC-CC75961DE90C}.Release|Any CPU.Build.0 = Release|Any CPU
		{FC9E013A-9413-41C9-ABDB-C72F549817E8}.Debug|Any CPU.ActiveCfg = Debug|Any CPU
		{FC9E013A-9413-41C9-ABDB-C72F549817E8}.Debug|Any CPU.Build.0 = Debug|Any CPU
		{FC9E013A-9413-41C9-ABDB-C72F549817E8}.Release|Any CPU.ActiveCfg = Release|Any CPU
		{FC9E013A-9413-41C9-ABDB-C72F549817E8}.Release|Any CPU.Build.0 = Release|Any CPU
	EndGlobalSection
	GlobalSection(SolutionProperties) = preSolution
		HideSolutionNode = FALSE
	EndGlobalSection
	GlobalSection(ExtensibilityGlobals) = postSolution
		SolutionGuid = {806293CE-562C-41EA-A9D9-426C5C33E77A}
	EndGlobalSection
EndGlobal
